
Microsoft Visual Studio Solution File, Format Version 12.00
# Visual Studio Version 17
VisualStudioVersion = 17.4.33110.190
MinimumVisualStudioVersion = 10.0.40219.1
Project("{FAE04EC0-301F-11D3-BF4B-00C04F79EFBC}") = "UC 6 To 9", "UC 6 To 9\UC 6 To 9.csproj", "{5BE83A1D-9880-4E49-BF57-0ADE1B3FCB75}"
EndProject
Global
	GlobalSection(SolutionConfigurationPlatforms) = preSolution
		Debug|Any CPU = Debug|Any CPU
		Release|Any CPU = Release|Any CPU
	EndGlobalSection
	GlobalSection(ProjectConfigurationPlatforms) = postSolution
		{5BE83A1D-9880-4E49-BF57-0ADE1B3FCB75}.Debug|Any CPU.ActiveCfg = Debug|Any CPU
		{5BE83A1D-9880-4E49-BF57-0ADE1B3FCB75}.Debug|Any CPU.Build.0 = Debug|Any CPU
		{5BE83A1D-9880-4E49-BF57-0ADE1B3FCB75}.Release|Any CPU.ActiveCfg = Release|Any CPU
		{5BE83A1D-9880-4E49-BF57-0ADE1B3FCB75}.Release|Any CPU.Build.0 = Release|Any CPU
	EndGlobalSection
	GlobalSection(SolutionProperties) = preSolution
		HideSolutionNode = FALSE
	EndGlobalSection
	GlobalSection(ExtensibilityGlobals) = postSolution
		SolutionGuid = {CED627F4-C6F8-4127-BC9C-F58605CA3E8A}
	EndGlobalSection
EndGlobal
